
Microsoft Visual Studio Solution File, Format Version 12.00
# Visual Studio Version 17
VisualStudioVersion = 17.0.32014.148
MinimumVisualStudioVersion = 10.0.40219.1
Project("{FAE04EC0-301F-11D3-BF4B-00C04F79EFBC}") = "CountryRegion", "CountryRegion\CountryRegion.csproj", "{DBBC3759-E436-4DC3-9046-42F43ACBF6DA}"
EndProject
Project("{FAE04EC0-301F-11D3-BF4B-00C04F79EFBC}") = "Data", "Data\Data.csproj", "{C5CC56E2-4ABB-4E26-8D10-DD4F5ECD5A06}"
EndProject
Project("{FAE04EC0-301F-11D3-BF4B-00C04F79EFBC}") = "Services", "Services\Services.csproj", "{BEA4F39E-FF7F-49FE-B8A6-9F5CDC1348EF}"
EndProject
Global
	GlobalSection(SolutionConfigurationPlatforms) = preSolution
		Debug|Any CPU = Debug|Any CPU
		Release|Any CPU = Release|Any CPU
	EndGlobalSection
	GlobalSection(ProjectConfigurationPlatforms) = postSolution
		{DBBC3759-E436-4DC3-9046-42F43ACBF6DA}.Debug|Any CPU.ActiveCfg = Debug|Any CPU
		{DBBC3759-E436-4DC3-9046-42F43ACBF6DA}.Debug|Any CPU.Build.0 = Debug|Any CPU
		{DBBC3759-E436-4DC3-9046-42F43ACBF6DA}.Release|Any CPU.ActiveCfg = Release|Any CPU
		{DBBC3759-E436-4DC3-9046-42F43ACBF6DA}.Release|Any CPU.Build.0 = Release|Any CPU
		{C5CC56E2-4ABB-4E26-8D10-DD4F5ECD5A06}.Debug|Any CPU.ActiveCfg = Debug|Any CPU
		{C5CC56E2-4ABB-4E26-8D10-DD4F5ECD5A06}.Debug|Any CPU.Build.0 = Debug|Any CPU
		{C5CC56E2-4ABB-4E26-8D10-DD4F5ECD5A06}.Release|Any CPU.ActiveCfg = Release|Any CPU
		{C5CC56E2-4ABB-4E26-8D10-DD4F5ECD5A06}.Release|Any CPU.Build.0 = Release|Any CPU
		{BEA4F39E-FF7F-49FE-B8A6-9F5CDC1348EF}.Debug|Any CPU.ActiveCfg = Debug|Any CPU
		{BEA4F39E-FF7F-49FE-B8A6-9F5CDC1348EF}.Debug|Any CPU.Build.0 = Debug|Any CPU
		{BEA4F39E-FF7F-49FE-B8A6-9F5CDC1348EF}.Release|Any CPU.ActiveCfg = Release|Any CPU
		{BEA4F39E-FF7F-49FE-B8A6-9F5CDC1348EF}.Release|Any CPU.Build.0 = Release|Any CPU
	EndGlobalSection
	GlobalSection(SolutionProperties) = preSolution
		HideSolutionNode = FALSE
	EndGlobalSection
	GlobalSection(ExtensibilityGlobals) = postSolution
		SolutionGuid = {BADF35BB-3664-4222-ACDB-60CE7033A849}
	EndGlobalSection
EndGlobal
